
Microsoft Visual Studio Solution File, Format Version 12.00
# Visual Studio 15
VisualStudioVersion = 15.0.27703.2018
MinimumVisualStudioVersion = 10.0.40219.1
Project("{9A19103F-16F7-4668-BE54-9A1E7A4F7556}") = "Energy.Net", "Energy.Net\Energy.Net.csproj", "{38626702-FAB9-47A1-96C5-49D33D8B5B6A}"
EndProject
Project("{9A19103F-16F7-4668-BE54-9A1E7A4F7556}") = "Energy.Core", "Energy.Core\Energy.Core.csproj", "{A8DADBF4-BD81-4A43-BCA2-9AC8431323D8}"
EndProject
Project("{9A19103F-16F7-4668-BE54-9A1E7A4F7556}") = "Energy.Infrastructure", "Energy.Infrastructure\Energy.Infrastructure.csproj", "{824D081F-267F-4EF2-BDC4-4CB2B84FB9F0}"
EndProject
Project("{9A19103F-16F7-4668-BE54-9A1E7A4F7556}") = "Energy.Test", "Energy.Test\Energy.Test.csproj", "{A363064F-5BEB-4791-94D3-792B8EB44F58}"
EndProject
Project("{2150E333-8FDC-42A3-9474-1A3956D46DE8}") = "Solution Items", "Solution Items", "{854EDA60-C2F8-4361-90E9-71ED3A821745}"
	ProjectSection(SolutionItems) = preProject
		README.md = README.md
	EndProjectSection
EndProject
Global
	GlobalSection(SolutionConfigurationPlatforms) = preSolution
		Debug|Any CPU = Debug|Any CPU
		Release|Any CPU = Release|Any CPU
	EndGlobalSection
	GlobalSection(ProjectConfigurationPlatforms) = postSolution
		{38626702-FAB9-47A1-96C5-49D33D8B5B6A}.Debug|Any CPU.ActiveCfg = Debug|Any CPU
		{38626702-FAB9-47A1-96C5-49D33D8B5B6A}.Debug|Any CPU.Build.0 = Debug|Any CPU
		{38626702-FAB9-47A1-96C5-49D33D8B5B6A}.Release|Any CPU.ActiveCfg = Release|Any CPU
		{38626702-FAB9-47A1-96C5-49D33D8B5B6A}.Release|Any CPU.Build.0 = Release|Any CPU
		{A8DADBF4-BD81-4A43-BCA2-9AC8431323D8}.Debug|Any CPU.ActiveCfg = Debug|Any CPU
		{A8DADBF4-BD81-4A43-BCA2-9AC8431323D8}.Debug|Any CPU.Build.0 = Debug|Any CPU
		{A8DADBF4-BD81-4A43-BCA2-9AC8431323D8}.Release|Any CPU.ActiveCfg = Release|Any CPU
		{A8DADBF4-BD81-4A43-BCA2-9AC8431323D8}.Release|Any CPU.Build.0 = Release|Any CPU
		{824D081F-267F-4EF2-BDC4-4CB2B84FB9F0}.Debug|Any CPU.ActiveCfg = Debug|Any CPU
		{824D081F-267F-4EF2-BDC4-4CB2B84FB9F0}.Debug|Any CPU.Build.0 = Debug|Any CPU
		{824D081F-267F-4EF2-BDC4-4CB2B84FB9F0}.Release|Any CPU.ActiveCfg = Release|Any CPU
		{824D081F-267F-4EF2-BDC4-4CB2B84FB9F0}.Release|Any CPU.Build.0 = Release|Any CPU
		{A363064F-5BEB-4791-94D3-792B8EB44F58}.Debug|Any CPU.ActiveCfg = Debug|Any CPU
		{A363064F-5BEB-4791-94D3-792B8EB44F58}.Debug|Any CPU.Build.0 = Debug|Any CPU
		{A363064F-5BEB-4791-94D3-792B8EB44F58}.Release|Any CPU.ActiveCfg = Release|Any CPU
		{A363064F-5BEB-4791-94D3-792B8EB44F58}.Release|Any CPU.Build.0 = Release|Any CPU
	EndGlobalSection
	GlobalSection(SolutionProperties) = preSolution
		HideSolutionNode = FALSE
	EndGlobalSection
	GlobalSection(ExtensibilityGlobals) = postSolution
		SolutionGuid = {A7C5D9E3-DB06-40EA-A6B9-BA3AB43745EE}
	EndGlobalSection
EndGlobal
